<?xml version="1.0" encoding="utf-8"?>
<Project ToolsVersion="4.0" xmlns="http://schemas.microsoft.com/developer/msbuild/2003">
  <ItemGroup>
    <Filter Include="Source Files">
      <UniqueIdentifier>{4FC737F1-C7A5-4376-A066-2A32D752A2FF}</UniqueIdentifier>
      <Extensions>cpp;c;cc;cxx;def;odl;idl;hpj;bat;asm;asmx</Extensions>
    </Filter>
    <Filter Include="Header Files">
      <UniqueIdentifier>{93995380-89BD-4b04-88EB-625FBE52EBFB}</UniqueIdentifier>
      <Extensions>h;hh;hpp;hxx;hm;inl;inc;xsd</Extensions>
    </Filter>
    <Filter Include="Resource Files">
      <UniqueIdentifier>{67DA6AB6-F800-4c08-8B7A-83BB121AAD01}</UniqueIdentifier>
      <Extensions>rc;ico;cur;bmp;dlg;rc2;rct;bin;rgs;gif;jpg;jpeg;jpe;resx;tiff;tif;png;wav;mfcribbon-ms</Extensions>
    </Filter>
    <Filter Include="Header Files\Game States">
      <UniqueIdentifier>{ff87c02a-2966-4afb-9a01-d02161544c37}</UniqueIdentifier>
    </Filter>
    <Filter Include="Source Files\Game States">
      <UniqueIdentifier>{0325c4e0-bb0e-4408-8b40-c63690acfe35}</UniqueIdentifier>
    </Filter>
    <Filter Include="Source Files\Utility">
      <UniqueIdentifier>{618a4122-22b1-413d-87b6-91c36abd8ee3}</UniqueIdentifier>
    </Filter>
    <Filter Include="Header Files\Utility">
      <UniqueIdentifier>{ea471318-d1bc-4266-91ec-2ba5ee82db33}</UniqueIdentifier>
    </Filter>
    <Filter Include="Source Files\Game">
      <UniqueIdentifier>{ea1e2b9d-bc2c-40eb-8e28-0df4a9c921a2}</UniqueIdentifier>
    </Filter>
    <Filter Include="Header Files\Game">
      <UniqueIdentifier>{49fdc632-316f-480d-b955-899663961f45}</UniqueIdentifier>
    </Filter>
    <Filter Include="Assets">
      <UniqueIdentifier>{507a658f-858b-46e8-abf9-b5da3ca99529}</UniqueIdentifier>
    </Filter>
    <Filter Include="Assets\Fonts">
      <UniqueIdentifier>{cd437b0d-1422-4b93-9686-a3adf93a6487}</UniqueIdentifier>
    </Filter>
    <Filter Include="Assets\Audio">
      <UniqueIdentifier>{bd2e1bad-2fa5-4cd9-bc5f-2b7e9daa6809}</UniqueIdentifier>
    </Filter>
    <Filter Include="Assets\Art">
      <UniqueIdentifier>{b01d5aa2-97f4-4649-a5f3-af9b20c0094b}</UniqueIdentifier>
    </Filter>
  </ItemGroup>
  <ItemGroup>
    <ClCompile Include="main.cpp">
      <Filter>Source Files</Filter>
    </ClCompile>
    <ClCompile Include="MainMenuGS.cpp">
      <Filter>Source Files\Game States</Filter>
    </ClCompile>
    <ClCompile Include="HighScoreGS.cpp">
      <Filter>Source Files\Game States</Filter>
    </ClCompile>
    <ClCompile Include="NewHighScoreGS.cpp">
      <Filter>Source Files\Game States</Filter>
    </ClCompile>
    <ClCompile Include="AssetManager.cpp">
      <Filter>Source Files\Utility</Filter>
    </ClCompile>
    <ClCompile Include="InputManager.cpp">
      <Filter>Source Files\Utility</Filter>
    </ClCompile>
    <ClCompile Include="Die.cpp">
      <Filter>Source Files\Utility</Filter>
    </ClCompile>
    <ClCompile Include="GameStateManager.cpp">
      <Filter>Source Files\Utility</Filter>
    </ClCompile>
    <ClCompile Include="Player.cpp">
      <Filter>Source Files\Game</Filter>
    </ClCompile>
    <ClCompile Include="Bullet.cpp">
      <Filter>Source Files\Game</Filter>
    </ClCompile>
    <ClCompile Include="Aircraft.cpp">
      <Filter>Source Files\Game</Filter>
    </ClCompile>
    <ClCompile Include="Utils.cpp">
      <Filter>Source Files\Utility</Filter>
    </ClCompile>
    <ClCompile Include="Entity.cpp">
      <Filter>Source Files\Game</Filter>
    </ClCompile>
    <ClCompile Include="Game.cpp">
      <Filter>Source Files\Game States</Filter>
    </ClCompile>
    <ClCompile Include="Cloud.cpp">
      <Filter>Source Files\Game</Filter>
    </ClCompile>
    <ClCompile Include="GameEvents.cpp">
      <Filter>Source Files\Game</Filter>
    </ClCompile>
    <ClCompile Include="Animated.cpp">
      <Filter>Source Files\Game</Filter>
    </ClCompile>
    <ClCompile Include="SplashGS.cpp">
      <Filter>Source Files\Game States</Filter>
    </ClCompile>
    <ClCompile Include="tinyxml2.cpp">
      <Filter>Source Files\Utility</Filter>
    </ClCompile>
  </ItemGroup>
  <ItemGroup>
    <ClInclude Include="MainMenuGS.h">
      <Filter>Header Files\Game States</Filter>
    </ClInclude>
    <ClInclude Include="HighScoreGS.h">
      <Filter>Header Files\Game States</Filter>
    </ClInclude>
    <ClInclude Include="NewHighScoreGS.h">
      <Filter>Header Files\Game States</Filter>
    </ClInclude>
    <ClInclude Include="InputManager.h">
      <Filter>Header Files\Utility</Filter>
    </ClInclude>
    <ClInclude Include="AssetManager.h">
      <Filter>Header Files\Utility</Filter>
    </ClInclude>
    <ClInclude Include="GameState.h">
      <Filter>Header Files\Utility</Filter>
    </ClInclude>
    <ClInclude Include="Die.h">
      <Filter>Header Files\Utility</Filter>
    </ClInclude>
    <ClInclude Include="ColorHelper.h">
      <Filter>Header Files\Utility</Filter>
    </ClInclude>
    <ClInclude Include="GameStateManager.h">
      <Filter>Header Files\Utility</Filter>
    </ClInclude>
    <ClInclude Include="Player.h">
      <Filter>Header Files\Game</Filter>
    </ClInclude>
    <ClInclude Include="Bullet.h">
      <Filter>Header Files\Game</Filter>
    </ClInclude>
    <ClInclude Include="Aircraft.h">
      <Filter>Header Files\Game</Filter>
    </ClInclude>
    <ClInclude Include="Utils.h">
      <Filter>Header Files\Utility</Filter>
    </ClInclude>
    <ClInclude Include="Entity.h">
      <Filter>Header Files\Game</Filter>
    </ClInclude>
    <ClInclude Include="Game.h">
      <Filter>Header Files\Game States</Filter>
    </ClInclude>
    <ClInclude Include="Cloud.h">
      <Filter>Header Files\Game</Filter>
    </ClInclude>
    <ClInclude Include="Animated.h">
      <Filter>Header Files\Game</Filter>
    </ClInclude>
    <ClInclude Include="SplashGS.h">
      <Filter>Header Files\Game States</Filter>
    </ClInclude>
    <ClInclude Include="tinyxml2.h">
      <Filter>Header Files\Utility</Filter>
    </ClInclude>
  </ItemGroup>
  <ItemGroup>
    <Font Include="assets\Airmole Shaded.ttf">
      <Filter>Assets\Fonts</Filter>
    </Font>
    <Font Include="assets\arial.ttf">
      <Filter>Assets\Fonts</Filter>
    </Font>
    <Font Include="assets\Orbitron Medium.ttf">
      <Filter>Assets\Fonts</Filter>
    </Font>
    <Font Include="assets\thunderstrike.ttf">
      <Filter>Assets\Fonts</Filter>
    </Font>
  </ItemGroup>
  <ItemGroup>
    <None Include="assets\Orbitron Medium Open Font License.markdown">
      <Filter>Assets</Filter>
    </None>
    <None Include="assets\Orbitron Medium readme.markdown">
      <Filter>Assets</Filter>
    </None>
  </ItemGroup>
  <ItemGroup>
    <Text Include="assets\thunderstrike.txt">
      <Filter>Assets</Filter>
    </Text>
  </ItemGroup>
  <ItemGroup>
    <Image Include="assets\cloud.bmp">
      <Filter>Assets</Filter>
    </Image>
    <Image Include="assets\enemy.bmp">
      <Filter>Assets</Filter>
    </Image>
    <Image Include="assets\enemy2.bmp">
      <Filter>Assets</Filter>
    </Image>
    <Image Include="assets\playerShip1.bmp">
      <Filter>Assets</Filter>
    </Image>
    <Image Include="assets\cloud.png">
      <Filter>Assets\Art</Filter>
    </Image>
    <Image Include="assets\enemy1.png">
      <Filter>Assets\Art</Filter>
    </Image>
    <Image Include="assets\enemy2.png">
      <Filter>Assets\Art</Filter>
    </Image>
    <Image Include="assets\explode5edit.png">
      <Filter>Assets\Art</Filter>
    </Image>
    <Image Include="assets\player_fighter_jet.png">
      <Filter>Assets\Art</Filter>
    </Image>
    <Image Include="assets\CapySlothLogo.png">
      <Filter>Assets\Art</Filter>
    </Image>
  </ItemGroup>
  <ItemGroup>
    <Media Include="assets\Explosion.wav">
      <Filter>Assets\Audio</Filter>
    </Media>
    <Media Include="assets\Hit_Hurt.wav">
      <Filter>Assets\Audio</Filter>
    </Media>
    <Media Include="assets\Shot.wav">
      <Filter>Assets\Audio</Filter>
    </Media>
    <Media Include="assets\To_the_Next_Destination.wav">
      <Filter>Assets\Audio</Filter>
    </Media>
  </ItemGroup>
</Project>